
Microsoft Visual Studio Solution File, Format Version 12.00
# Visual Studio 15
VisualStudioVersion = 15.0.28307.645
MinimumVisualStudioVersion = 10.0.40219.1
Project("{FAE04EC0-301F-11D3-BF4B-00C04F79EFBC}") = "ParcialJoseC.Android", "ParcialJoseC\ParcialJoseC.Android\ParcialJoseC.Android.csproj", "{55EF0E76-7EA6-405F-937E-C27D68530888}"
EndProject
Project("{FAE04EC0-301F-11D3-BF4B-00C04F79EFBC}") = "ParcialJoseC.iOS", "ParcialJoseC\ParcialJoseC.iOS\ParcialJoseC.iOS.csproj", "{49266EB7-8F74-4C77-B3EF-E50FB5B3202D}"
EndProject
Project("{FAE04EC0-301F-11D3-BF4B-00C04F79EFBC}") = "ParcialJoseC", "ParcialJoseC\ParcialJoseC\ParcialJoseC.csproj", "{E31CE6BA-7BD3-4DBD-A304-B132657E9956}"
EndProject
Global
	GlobalSection(SolutionConfigurationPlatforms) = preSolution
		Ad-Hoc|Any CPU = Ad-Hoc|Any CPU
		Ad-Hoc|iPhone = Ad-Hoc|iPhone
		Ad-Hoc|iPhoneSimulator = Ad-Hoc|iPhoneSimulator
		AppStore|Any CPU = AppStore|Any CPU
		AppStore|iPhone = AppStore|iPhone
		AppStore|iPhoneSimulator = AppStore|iPhoneSimulator
		Debug|Any CPU = Debug|Any CPU
		Debug|iPhone = Debug|iPhone
		Debug|iPhoneSimulator = Debug|iPhoneSimulator
		Release|Any CPU = Release|Any CPU
		Release|iPhone = Release|iPhone
		Release|iPhoneSimulator = Release|iPhoneSimulator
	EndGlobalSection
	GlobalSection(ProjectConfigurationPlatforms) = postSolution
		{55EF0E76-7EA6-405F-937E-C27D68530888}.Ad-Hoc|Any CPU.ActiveCfg = Release|Any CPU
		{55EF0E76-7EA6-405F-937E-C27D68530888}.Ad-Hoc|Any CPU.Build.0 = Release|Any CPU
		{55EF0E76-7EA6-405F-937E-C27D68530888}.Ad-Hoc|Any CPU.Deploy.0 = Release|Any CPU
		{55EF0E76-7EA6-405F-937E-C27D68530888}.Ad-Hoc|iPhone.ActiveCfg = Release|Any CPU
		{55EF0E76-7EA6-405F-937E-C27D68530888}.Ad-Hoc|iPhone.Build.0 = Release|Any CPU
		{55EF0E76-7EA6-405F-937E-C27D68530888}.Ad-Hoc|iPhone.Deploy.0 = Release|Any CPU
		{55EF0E76-7EA6-405F-937E-C27D68530888}.Ad-Hoc|iPhoneSimulator.ActiveCfg = Release|Any CPU
		{55EF0E76-7EA6-405F-937E-C27D68530888}.Ad-Hoc|iPhoneSimulator.Build.0 = Release|Any CPU
		{55EF0E76-7EA6-405F-937E-C27D68530888}.Ad-Hoc|iPhoneSimulator.Deploy.0 = Release|Any CPU
		{55EF0E76-7EA6-405F-937E-C27D68530888}.AppStore|Any CPU.ActiveCfg = Release|Any CPU
		{55EF0E76-7EA6-405F-937E-C27D68530888}.AppStore|Any CPU.Build.0 = Release|Any CPU
		{55EF0E76-7EA6-405F-937E-C27D68530888}.AppStore|Any CPU.Deploy.0 = Release|Any CPU
		{55EF0E76-7EA6-405F-937E-C27D68530888}.AppStore|iPhone.ActiveCfg = Release|Any CPU
		{55EF0E76-7EA6-405F-937E-C27D68530888}.AppStore|iPhone.Build.0 = Release|Any CPU
		{55EF0E76-7EA6-405F-937E-C27D68530888}.AppStore|iPhone.Deploy.0 = Release|Any CPU
		{55EF0E76-7EA6-405F-937E-C27D68530888}.AppStore|iPhoneSimulator.ActiveCfg = Release|Any CPU
		{55EF0E76-7EA6-405F-937E-C27D68530888}.AppStore|iPhoneSimulator.Build.0 = Release|Any CPU
		{55EF0E76-7EA6-405F-937E-C27D68530888}.AppStore|iPhoneSimulator.Deploy.0 = Release|Any CPU
		{55EF0E76-7EA6-405F-937E-C27D68530888}.Debug|Any CPU.ActiveCfg = Debug|Any CPU
		{55EF0E76-7EA6-405F-937E-C27D68530888}.Debug|Any CPU.Build.0 = Debug|Any CPU
		{55EF0E76-7EA6-405F-937E-C27D68530888}.Debug|Any CPU.Deploy.0 = Debug|Any CPU
		{55EF0E76-7EA6-405F-937E-C27D68530888}.Debug|iPhone.ActiveCfg = Debug|Any CPU
		{55EF0E76-7EA6-405F-937E-C27D68530888}.Debug|iPhone.Build.0 = Debug|Any CPU
		{55EF0E76-7EA6-405F-937E-C27D68530888}.Debug|iPhone.Deploy.0 = Debug|Any CPU
		{55EF0E76-7EA6-405F-937E-C27D68530888}.Debug|iPhoneSimulator.ActiveCfg = Debug|Any CPU
		{55EF0E76-7EA6-405F-937E-C27D68530888}.Debug|iPhoneSimulator.Build.0 = Debug|Any CPU
		{55EF0E76-7EA6-405F-937E-C27D68530888}.Debug|iPhoneSimulator.Deploy.0 = Debug|Any CPU
		{55EF0E76-7EA6-405F-937E-C27D68530888}.Release|Any CPU.ActiveCfg = Release|Any CPU
		{55EF0E76-7EA6-405F-937E-C27D68530888}.Release|Any CPU.Build.0 = Release|Any CPU
		{55EF0E76-7EA6-405F-937E-C27D68530888}.Release|Any CPU.Deploy.0 = Release|Any CPU
		{55EF0E76-7EA6-405F-937E-C27D68530888}.Release|iPhone.ActiveCfg = Release|Any CPU
		{55EF0E76-7EA6-405F-937E-C27D68530888}.Release|iPhone.Build.0 = Release|Any CPU
		{55EF0E76-7EA6-405F-937E-C27D68530888}.Release|iPhone.Deploy.0 = Release|Any CPU
		{55EF0E76-7EA6-405F-937E-C27D68530888}.Release|iPhoneSimulator.ActiveCfg = Release|Any CPU
		{55EF0E76-7EA6-405F-937E-C27D68530888}.Release|iPhoneSimulator.Build.0 = Release|Any CPU
		{55EF0E76-7EA6-405F-937E-C27D68530888}.Release|iPhoneSimulator.Deploy.0 = Release|Any CPU
		{49266EB7-8F74-4C77-B3EF-E50FB5B3202D}.Ad-Hoc|Any CPU.ActiveCfg = Ad-Hoc|iPhone
		{49266EB7-8F74-4C77-B3EF-E50FB5B3202D}.Ad-Hoc|Any CPU.Build.0 = Ad-Hoc|iPhone
		{49266EB7-8F74-4C77-B3EF-E50FB5B3202D}.Ad-Hoc|Any CPU.Deploy.0 = Ad-Hoc|iPhone
		{49266EB7-8F74-4C77-B3EF-E50FB5B3202D}.Ad-Hoc|iPhone.ActiveCfg = Ad-Hoc|iPhone
		{49266EB7-8F74-4C77-B3EF-E50FB5B3202D}.Ad-Hoc|iPhone.Build.0 = Ad-Hoc|iPhone
		{49266EB7-8F74-4C77-B3EF-E50FB5B3202D}.Ad-Hoc|iPhone.Deploy.0 = Ad-Hoc|iPhone
		{49266EB7-8F74-4C77-B3EF-E50FB5B3202D}.Ad-Hoc|iPhoneSimulator.ActiveCfg = Ad-Hoc|iPhoneSimulator
		{49266EB7-8F74-4C77-B3EF-E50FB5B3202D}.Ad-Hoc|iPhoneSimulator.Build.0 = Ad-Hoc|iPhoneSimulator
		{49266EB7-8F74-4C77-B3EF-E50FB5B3202D}.Ad-Hoc|iPhoneSimulator.Deploy.0 = Ad-Hoc|iPhoneSimulator
		{49266EB7-8F74-4C77-B3EF-E50FB5B3202D}.AppStore|Any CPU.ActiveCfg = AppStore|iPhone
		{49266EB7-8F74-4C77-B3EF-E50FB5B3202D}.AppStore|Any CPU.Build.0 = AppStore|iPhone
		{49266EB7-8F74-4C77-B3EF-E50FB5B3202D}.AppStore|Any CPU.Deploy.0 = AppStore|iPhone
		{49266EB7-8F74-4C77-B3EF-E50FB5B3202D}.AppStore|iPhone.ActiveCfg = AppStore|iPhone
		{49266EB7-8F74-4C77-B3EF-E50FB5B3202D}.AppStore|iPhone.Build.0 = AppStore|iPhone
		{49266EB7-8F74-4C77-B3EF-E50FB5B3202D}.AppStore|iPhone.Deploy.0 = AppStore|iPhone
		{49266EB7-8F74-4C77-B3EF-E50FB5B3202D}.AppStore|iPhoneSimulator.ActiveCfg = AppStore|iPhoneSimulator
		{49266EB7-8F74-4C77-B3EF-E50FB5B3202D}.AppStore|iPhoneSimulator.Build.0 = AppStore|iPhoneSimulator
		{49266EB7-8F74-4C77-B3EF-E50FB5B3202D}.AppStore|iPhoneSimulator.Deploy.0 = AppStore|iPhoneSimulator
		{49266EB7-8F74-4C77-B3EF-E50FB5B3202D}.Debug|Any CPU.ActiveCfg = Debug|iPhoneSimulator
		{49266EB7-8F74-4C77-B3EF-E50FB5B3202D}.Debug|Any CPU.Build.0 = Debug|iPhoneSimulator
		{49266EB7-8F74-4C77-B3EF-E50FB5B3202D}.Debug|Any CPU.Deploy.0 = Debug|iPhoneSimulator
		{49266EB7-8F74-4C77-B3EF-E50FB5B3202D}.Debug|iPhone.ActiveCfg = Debug|iPhone
		{49266EB7-8F74-4C77-B3EF-E50FB5B3202D}.Debug|iPhone.Build.0 = Debug|iPhone
		{49266EB7-8F74-4C77-B3EF-E50FB5B3202D}.Debug|iPhone.Deploy.0 = Debug|iPhone
		{49266EB7-8F74-4C77-B3EF-E50FB5B3202D}.Debug|iPhoneSimulator.ActiveCfg = Debug|iPhoneSimulator
		{49266EB7-8F74-4C77-B3EF-E50FB5B3202D}.Debug|iPhoneSimulator.Build.0 = Debug|iPhoneSimulator
		{49266EB7-8F74-4C77-B3EF-E50FB5B3202D}.Debug|iPhoneSimulator.Deploy.0 = Debug|iPhoneSimulator
		{49266EB7-8F74-4C77-B3EF-E50FB5B3202D}.Release|Any CPU.ActiveCfg = Release|iPhone
		{49266EB7-8F74-4C77-B3EF-E50FB5B3202D}.Release|Any CPU.Build.0 = Release|iPhone
		{49266EB7-8F74-4C77-B3EF-E50FB5B3202D}.Release|Any CPU.Deploy.0 = Release|iPhone
		{49266EB7-8F74-4C77-B3EF-E50FB5B3202D}.Release|iPhone.ActiveCfg = Release|iPhone
		{49266EB7-8F74-4C77-B3EF-E50FB5B3202D}.Release|iPhone.Build.0 = Release|iPhone
		{49266EB7-8F74-4C77-B3EF-E50FB5B3202D}.Release|iPhone.Deploy.0 = Release|iPhone
		{49266EB7-8F74-4C77-B3EF-E50FB5B3202D}.Release|iPhoneSimulator.ActiveCfg = Release|iPhoneSimulator
		{49266EB7-8F74-4C77-B3EF-E50FB5B3202D}.Release|iPhoneSimulator.Build.0 = Release|iPhoneSimulator
		{49266EB7-8F74-4C77-B3EF-E50FB5B3202D}.Release|iPhoneSimulator.Deploy.0 = Release|iPhoneSimulator
		{E31CE6BA-7BD3-4DBD-A304-B132657E9956}.Ad-Hoc|Any CPU.ActiveCfg = Debug|Any CPU
		{E31CE6BA-7BD3-4DBD-A304-B132657E9956}.Ad-Hoc|Any CPU.Build.0 = Debug|Any CPU
		{E31CE6BA-7BD3-4DBD-A304-B132657E9956}.Ad-Hoc|Any CPU.Deploy.0 = Debug|Any CPU
		{E31CE6BA-7BD3-4DBD-A304-B132657E9956}.Ad-Hoc|iPhone.ActiveCfg = Debug|Any CPU
		{E31CE6BA-7BD3-4DBD-A304-B132657E9956}.Ad-Hoc|iPhone.Build.0 = Debug|Any CPU
		{E31CE6BA-7BD3-4DBD-A304-B132657E9956}.Ad-Hoc|iPhone.Deploy.0 = Debug|Any CPU
		{E31CE6BA-7BD3-4DBD-A304-B132657E9956}.Ad-Hoc|iPhoneSimulator.ActiveCfg = Debug|Any CPU
		{E31CE6BA-7BD3-4DBD-A304-B132657E9956}.Ad-Hoc|iPhoneSimulator.Build.0 = Debug|Any CPU
		{E31CE6BA-7BD3-4DBD-A304-B132657E9956}.Ad-Hoc|iPhoneSimulator.Deploy.0 = Debug|Any CPU
		{E31CE6BA-7BD3-4DBD-A304-B132657E9956}.AppStore|Any CPU.ActiveCfg = Debug|Any CPU
		{E31CE6BA-7BD3-4DBD-A304-B132657E9956}.AppStore|Any CPU.Build.0 = Debug|Any CPU
		{E31CE6BA-7BD3-4DBD-A304-B132657E9956}.AppStore|Any CPU.Deploy.0 = Debug|Any CPU
		{E31CE6BA-7BD3-4DBD-A304-B132657E9956}.AppStore|iPhone.ActiveCfg = Debug|Any CPU
		{E31CE6BA-7BD3-4DBD-A304-B132657E9956}.AppStore|iPhone.Build.0 = Debug|Any CPU
		{E31CE6BA-7BD3-4DBD-A304-B132657E9956}.AppStore|iPhone.Deploy.0 = Debug|Any CPU
		{E31CE6BA-7BD3-4DBD-A304-B132657E9956}.AppStore|iPhoneSimulator.ActiveCfg = Debug|Any CPU
		{E31CE6BA-7BD3-4DBD-A304-B132657E9956}.AppStore|iPhoneSimulator.Build.0 = Debug|Any CPU
		{E31CE6BA-7BD3-4DBD-A304-B132657E9956}.AppStore|iPhoneSimulator.Deploy.0 = Debug|Any CPU
		{E31CE6BA-7BD3-4DBD-A304-B132657E9956}.Debug|Any CPU.ActiveCfg = Debug|Any CPU
		{E31CE6BA-7BD3-4DBD-A304-B132657E9956}.Debug|Any CPU.Build.0 = Debug|Any CPU
		{E31CE6BA-7BD3-4DBD-A304-B132657E9956}.Debug|Any CPU.Deploy.0 = Debug|Any CPU
		{E31CE6BA-7BD3-4DBD-A304-B132657E9956}.Debug|iPhone.ActiveCfg = Debug|Any CPU
		{E31CE6BA-7BD3-4DBD-A304-B132657E9956}.Debug|iPhone.Build.0 = Debug|Any CPU
		{E31CE6BA-7BD3-4DBD-A304-B132657E9956}.Debug|iPhone.Deploy.0 = Debug|Any CPU
		{E31CE6BA-7BD3-4DBD-A304-B132657E9956}.Debug|iPhoneSimulator.ActiveCfg = Debug|Any CPU
		{E31CE6BA-7BD3-4DBD-A304-B132657E9956}.Debug|iPhoneSimulator.Build.0 = Debug|Any CPU
		{E31CE6BA-7BD3-4DBD-A304-B132657E9956}.Debug|iPhoneSimulator.Deploy.0 = Debug|Any CPU
		{E31CE6BA-7BD3-4DBD-A304-B132657E9956}.Release|Any CPU.ActiveCfg = Release|Any CPU
		{E31CE6BA-7BD3-4DBD-A304-B132657E9956}.Release|Any CPU.Build.0 = Release|Any CPU
		{E31CE6BA-7BD3-4DBD-A304-B132657E9956}.Release|Any CPU.Deploy.0 = Release|Any CPU
		{E31CE6BA-7BD3-4DBD-A304-B132657E9956}.Release|iPhone.ActiveCfg = Release|Any CPU
		{E31CE6BA-7BD3-4DBD-A304-B132657E9956}.Release|iPhone.Build.0 = Release|Any CPU
		{E31CE6BA-7BD3-4DBD-A304-B132657E9956}.Release|iPhone.Deploy.0 = Release|Any CPU
		{E31CE6BA-7BD3-4DBD-A304-B132657E9956}.Release|iPhoneSimulator.ActiveCfg = Release|Any CPU
		{E31CE6BA-7BD3-4DBD-A304-B132657E9956}.Release|iPhoneSimulator.Build.0 = Release|Any CPU
		{E31CE6BA-7BD3-4DBD-A304-B132657E9956}.Release|iPhoneSimulator.Deploy.0 = Release|Any CPU
	EndGlobalSection
	GlobalSection(SolutionProperties) = preSolution
		HideSolutionNode = FALSE
	EndGlobalSection
	GlobalSection(ExtensibilityGlobals) = postSolution
		SolutionGuid = {DBF21390-12DD-44A3-9CF7-44D2D9D07E62}
	EndGlobalSection
EndGlobal
